// !$*UTF8*$!
{
	archiveVersion = 1;
	classes = {
	};
	objectVersion = 46;
	objects = {

/* Begin PBXBuildFile section */
		3A7F01671DAF5E6F003C94E2 /* main.m in Sources */ = {isa = PBXBuildFile; fileRef = 3A7F01661DAF5E6F003C94E2 /* main.m */; };
		3A7F016A1DAF5E6F003C94E2 /* AppDelegate.m in Sources */ = {isa = PBXBuildFile; fileRef = 3A7F01691DAF5E6F003C94E2 /* AppDelegate.m */; };
		3A7F016D1DAF5E6F003C94E2 /* ViewController.m in Sources */ = {isa = PBXBuildFile; fileRef = 3A7F016C1DAF5E6F003C94E2 /* ViewController.m */; };
		3A7F01721DAF5E6F003C94E2 /* Assets.xcassets in Resources */ = {isa = PBXBuildFile; fileRef = 3A7F01711DAF5E6F003C94E2 /* Assets.xcassets */; };
		3A7F01751DAF5E6F003C94E2 /* LaunchScreen.storyboard in Resources */ = {isa = PBXBuildFile; fileRef = 3A7F01731DAF5E6F003C94E2 /* LaunchScreen.storyboard */; };
		3A7F017E1DAF5F0E003C94E2 /* RootViewController.m in Sources */ = {isa = PBXBuildFile; fileRef = 3A7F017D1DAF5F0E003C94E2 /* RootViewController.m */; };
		3A7F01821DAF83DD003C94E2 /* VHPaiseView.m in Sources */ = {isa = PBXBuildFile; fileRef = 3A7F01811DAF83DD003C94E2 /* VHPaiseView.m */; };
/* End PBXBuildFile section */

/* Begin PBXFileReference section */
		3A7F01621DAF5E6F003C94E2 /* ToolKit.app */ = {isa = PBXFileReference; explicitFileType = wrapper.application; includeInIndex = 0; path = ToolKit.app; sourceTree = BUILT_PRODUCTS_DIR; };
		3A7F01661DAF5E6F003C94E2 /* main.m */ = {isa = PBXFileReference; lastKnownFileType = sourcecode.c.objc; path = main.m; sourceTree = "<group>"; };
		3A7F01681DAF5E6F003C94E2 /* AppDelegate.h */ = {isa = PBXFileReference; lastKnownFileType = sourcecode.c.h; path = AppDelegate.h; sourceTree = "<group>"; };
		3A7F01691DAF5E6F003C94E2 /* AppDelegate.m */ = {isa = PBXFileReference; lastKnownFileType = sourcecode.c.objc; path = AppDelegate.m; sourceTree = "<group>"; };
		3A7F016B1DAF5E6F003C94E2 /* ViewController.h */ = {isa = PBXFileReference; lastKnownFileType = sourcecode.c.h; path = ViewController.h; sourceTree = "<group>"; };
		3A7F016C1DAF5E6F003C94E2 /* ViewController.m */ = {isa = PBXFileReference; lastKnownFileType = sourcecode.c.objc; path = ViewController.m; sourceTree = "<group>"; };
		3A7F01711DAF5E6F003C94E2 /* Assets.xcassets */ = {isa = PBXFileReference; lastKnownFileType = folder.assetcatalog; path = Assets.xcassets; sourceTree = "<group>"; };
		3A7F01741DAF5E6F003C94E2 /* Base */ = {isa = PBXFileReference; lastKnownFileType = file.storyboard; name = Base; path = Base.lproj/LaunchScreen.storyboard; sourceTree = "<group>"; };
		3A7F01761DAF5E6F003C94E2 /* Info.plist */ = {isa = PBXFileReference; lastKnownFileType = text.plist.xml; path = Info.plist; sourceTree = "<group>"; };
		3A7F017C1DAF5F0E003C94E2 /* RootViewController.h */ = {isa = PBXFileReference; fileEncoding = 4; lastKnownFileType = sourcecode.c.h; path = RootViewController.h; sourceTree = "<group>"; };
		3A7F017D1DAF5F0E003C94E2 /* RootViewController.m */ = {isa = PBXFileReference; fileEncoding = 4; lastKnownFileType = sourcecode.c.objc; path = RootViewController.m; sourceTree = "<group>"; };
		3A7F01801DAF83DD003C94E2 /* VHPaiseView.h */ = {isa = PBXFileReference; fileEncoding = 4; lastKnownFileType = sourcecode.c.h; path = VHPaiseView.h; sourceTree = "<group>"; };
		3A7F01811DAF83DD003C94E2 /* VHPaiseView.m */ = {isa = PBXFileReference; fileEncoding = 4; lastKnownFileType = sourcecode.c.objc; path = VHPaiseView.m; sourceTree = "<group>"; };
/* End PBXFileReference section */

/* Begin PBXFrameworksBuildPhase section */
		3A7F015F1DAF5E6F003C94E2 /* Frameworks */ = {
			isa = PBXFrameworksBuildPhase;
			buildActionMask = 2147483647;
			files = (
			);
			runOnlyForDeploymentPostprocessing = 0;
		};
/* End PBXFrameworksBuildPhase section */

/* Begin PBXGroup section */
		3A7F01591DAF5E6F003C94E2 = {
			isa = PBXGroup;
			children = (
				3A7F01641DAF5E6F003C94E2 /* ToolKit */,
				3A7F01631DAF5E6F003C94E2 /* Products */,
			);
			sourceTree = "<group>";
		};
		3A7F01631DAF5E6F003C94E2 /* Products */ = {
			isa = PBXGroup;
			children = (
				3A7F01621DAF5E6F003C94E2 /* ToolKit.app */,
			);
			name = Products;
			sourceTree = "<group>";
		};
		3A7F01641DAF5E6F003C94E2 /* ToolKit */ = {
			isa = PBXGroup;
			children = (
				3A7F017F1DAF83DD003C94E2 /* View */,
				3A7F01681DAF5E6F003C94E2 /* AppDelegate.h */,
				3A7F01691DAF5E6F003C94E2 /* AppDelegate.m */,
				3A7F016B1DAF5E6F003C94E2 /* ViewController.h */,
				3A7F016C1DAF5E6F003C94E2 /* ViewController.m */,
				3A7F017C1DAF5F0E003C94E2 /* RootViewController.h */,
				3A7F017D1DAF5F0E003C94E2 /* RootViewController.m */,
				3A7F01711DAF5E6F003C94E2 /* Assets.xcassets */,
				3A7F01731DAF5E6F003C94E2 /* LaunchScreen.storyboard */,
				3A7F01761DAF5E6F003C94E2 /* Info.plist */,
				3A7F01651DAF5E6F003C94E2 /* Supporting Files */,
			);
			path = ToolKit;
			sourceTree = "<group>";
		};
		3A7F01651DAF5E6F003C94E2 /* Supporting Files */ = {
			isa = PBXGroup;
			children = (
				3A7F01661DAF5E6F003C94E2 /* main.m */,
			);
			name = "Supporting Files";
			sourceTree = "<group>";
		};
		3A7F017F1DAF83DD003C94E2 /* View */ = {
			isa = PBXGroup;
			children = (
				3A7F01801DAF83DD003C94E2 /* VHPaiseView.h */,
				3A7F01811DAF83DD003C94E2 /* VHPaiseView.m */,
			);
			path = View;
			sourceTree = "<group>";
		};
/* End PBXGroup section */

/* Begin PBXNativeTarget section */
		3A7F01611DAF5E6F003C94E2 /* ToolKit */ = {
			isa = PBXNativeTarget;
			buildConfigurationList = 3A7F01791DAF5E6F003C94E2 /* Build configuration list for PBXNativeTarget "ToolKit" */;
			buildPhases = (
				3A7F015E1DAF5E6F003C94E2 /* Sources */,
				3A7F015F1DAF5E6F003C94E2 /* Frameworks */,
				3A7F01601DAF5E6F003C94E2 /* Resources */,
			);
			buildRules = (
			);
			dependencies = (
			);
			name = ToolKit;
			productName = ToolKit;
			productReference = 3A7F01621DAF5E6F003C94E2 /* ToolKit.app */;
			productType = "com.apple.product-type.application";
		};
/* End PBXNativeTarget section */

/* Begin PBXProject section */
		3A7F015A1DAF5E6F003C94E2 /* Project object */ = {
			isa = PBXProject;
			attributes = {
				LastUpgradeCheck = 0800;
				ORGANIZATIONNAME = ky;
				TargetAttributes = {
					3A7F01611DAF5E6F003C94E2 = {
						CreatedOnToolsVersion = 8.0;
						DevelopmentTeam = S82ZX9394G;
						ProvisioningStyle = Automatic;
					};
				};
			};
			buildConfigurationList = 3A7F015D1DAF5E6F003C94E2 /* Build configuration list for PBXProject "ToolKit" */;
			compatibilityVersion = "Xcode 3.2";
			developmentRegion = English;
			hasScannedForEncodings = 0;
			knownRegions = (
				en,
				Base,
			);
			mainGroup = 3A7F01591DAF5E6F003C94E2;
			productRefGroup = 3A7F01631DAF5E6F003C94E2 /* Products */;
			projectDirPath = "";
			projectRoot = "";
			targets = (
				3A7F01611DAF5E6F003C94E2 /* ToolKit */,
			);
		};
/* End PBXProject section */

/* Begin PBXResourcesBuildPhase section */
		3A7F01601DAF5E6F003C94E2 /* Resources */ = {
			isa = PBXResourcesBuildPhase;
			buildActionMask = 2147483647;
			files = (
				3A7F01751DAF5E6F003C94E2 /* LaunchScreen.storyboard in Resources */,
				3A7F01721DAF5E6F003C94E2 /* Assets.xcassets in Resources */,
			);
			runOnlyForDeploymentPostprocessing = 0;
		};
/* End PBXResourcesBuildPhase section */

/* Begin PBXSourcesBuildPhase section */
		3A7F015E1DAF5E6F003C94E2 /* Sources */ = {
			isa = PBXSourcesBuildPhase;
			buildActionMask = 2147483647;
			files = (
				3A7F016D1DAF5E6F003C94E2 /* ViewController.m in Sources */,
				3A7F016A1DAF5E6F003C94E2 /* AppDelegate.m in Sources */,
				3A7F017E1DAF5F0E003C94E2 /* RootViewController.m in Sources */,
				3A7F01671DAF5E6F003C94E2 /* main.m in Sources */,
				3A7F01821DAF83DD003C94E2 /* VHPaiseView.m in Sources */,
			);
			runOnlyForDeploymentPostprocessing = 0;
		};
/* End PBXSourcesBuildPhase section */

/* Begin PBXVariantGroup section */
		3A7F01731DAF5E6F003C94E2 /* LaunchScreen.storyboard */ = {
			isa = PBXVariantGroup;
			children = (
				3A7F01741DAF5E6F003C94E2 /* Base */,
			);
			name = LaunchScreen.storyboard;
			sourceTree = "<group>";
		};
/* End PBXVariantGroup section */

/* Begin XCBuildConfiguration section */
		3A7F01771DAF5E6F003C94E2 /* Debug */ = {
			isa = XCBuildConfiguration;
			buildSettings = {
				ALWAYS_SEARCH_USER_PATHS = NO;
				CLANG_ANALYZER_NONNULL = YES;
				CLANG_CXX_LANGUAGE_STANDARD = "gnu++0x";
				CLANG_CXX_LIBRARY = "libc++";
				CLANG_ENABLE_MODULES = YES;
				CLANG_ENABLE_OBJC_ARC = YES;
				CLANG_WARN_BOOL_CONVERSION = YES;
				CLANG_WARN_CONSTANT_CONVERSION = YES;
				CLANG_WARN_DIRECT_OBJC_ISA_USAGE = YES_ERROR;
				CLANG_WARN_DOCUMENTATION_COMMENTS = YES;
				CLANG_WARN_EMPTY_BODY = YES;
				CLANG_WARN_ENUM_CONVERSION = YES;
				CLANG_WARN_INFINITE_RECURSION = YES;
				CLANG_WARN_INT_CONVERSION = YES;
				CLANG_WARN_OBJC_ROOT_CLASS = YES_ERROR;
				CLANG_WARN_SUSPICIOUS_MOVES = YES;
				CLANG_WARN_UNREACHABLE_CODE = YES;
				CLANG_WARN__DUPLICATE_METHOD_MATCH = YES;
				"CODE_SIGN_IDENTITY[sdk=iphoneos*]" = "iPhone Developer";
				COPY_PHASE_STRIP = NO;
				DEBUG_INFORMATION_FORMAT = dwarf;
				ENABLE_STRICT_OBJC_MSGSEND = YES;
				ENABLE_TESTABILITY = YES;
				GCC_C_LANGUAGE_STANDARD = gnu99;
				GCC_DYNAMIC_NO_PIC = NO;
				GCC_NO_COMMON_BLOCKS = YES;
				GCC_OPTIMIZATION_LEVEL = 0;
				GCC_PREPROCESSOR_DEFINITIONS = (
					"DEBUG=1",
					"$(inherited)",
				);
				GCC_WARN_64_TO_32_BIT_CONVERSION = YES;
				GCC_WARN_ABOUT_RETURN_TYPE = YES_ERROR;
				GCC_WARN_UNDECLARED_SELECTOR = YES;
				GCC_WARN_UNINITIALIZED_AUTOS = YES_AGGRESSIVE;
				GCC_WARN_UNUSED_FUNCTION = YES;
				GCC_WARN_UNUSED_VARIABLE = YES;
				IPHONEOS_DEPLOYMENT_TARGET = 10.0;
				MTL_ENABLE_DEBUG_INFO = YES;
				ONLY_ACTIVE_ARCH = YES;
				SDKROOT = iphoneos;
			};
			name = Debug;
		};
		3A7F01781DAF5E6F003C94E2 /* Release */ = {
			isa = XCBuildConfiguration;
			buildSettings = {
				ALWAYS_SEARCH_USER_PATHS = NO;
				CLANG_ANALYZER_NONNULL = YES;
				CLANG_CXX_LANGUAGE_STANDARD = "gnu++0x";
				CLANG_CXX_LIBRARY = "libc++";
				CLANG_ENABLE_MODULES = YES;
				CLANG_ENABLE_OBJC_ARC = YES;
				CLANG_WARN_BOOL_CONVERSION = YES;
				CLANG_WARN_CONSTANT_CONVERSION = YES;
				CLANG_WARN_DIRECT_OBJC_ISA_USAGE = YES_ERROR;
				CLANG_WARN_DOCUMENTATION_COMMENTS = YES;
				CLANG_WARN_EMPTY_BODY = YES;
				CLANG_WARN_ENUM_CONVERSION = YES;
				CLANG_WARN_INFINITE_RECURSION = YES;
				CLANG_WARN_INT_CONVERSION = YES;
				CLANG_WARN_OBJC_ROOT_CLASS = YES_ERROR;
				CLANG_WARN_SUSPICIOUS_MOVES = YES;
				CLANG_WARN_UNREACHABLE_CODE = YES;
				CLANG_WARN__DUPLICATE_METHOD_MATCH = YES;
				"CODE_SIGN_IDENTITY[sdk=iphoneos*]" = "iPhone Developer";
				COPY_PHASE_STRIP = NO;
				DEBUG_INFORMATION_FORMAT = "dwarf-with-dsym";
				ENABLE_NS_ASSERTIONS = NO;
				ENABLE_STRICT_OBJC_MSGSEND = YES;
				GCC_C_LANGUAGE_STANDARD = gnu99;
				GCC_NO_COMMON_BLOCKS = YES;
				GCC_WARN_64_TO_32_BIT_CONVERSION = YES;
				GCC_WARN_ABOUT_RETURN_TYPE = YES_ERROR;
				GCC_WARN_UNDECLARED_SELECTOR = YES;
				GCC_WARN_UNINITIALIZED_AUTOS = YES_AGGRESSIVE;
				GCC_WARN_UNUSED_FUNCTION = YES;
				GCC_WARN_UNUSED_VARIABLE = YES;
				IPHONEOS_DEPLOYMENT_TARGET = 10.0;
				MTL_ENABLE_DEBUG_INFO = NO;
				SDKROOT = iphoneos;
				VALIDATE_PRODUCT = YES;
			};
			name = Release;
		};
		3A7F017A1DAF5E6F003C94E2 /* Debug */ = {
			isa = XCBuildConfiguration;
			buildSettings = {
				ASSETCATALOG_COMPILER_APPICON_NAME = AppIcon;
				DEVELOPMENT_TEAM = S82ZX9394G;
				INFOPLIST_FILE = ToolKit/Info.plist;
				LD_RUNPATH_SEARCH_PATHS = "$(inherited) @executable_path/Frameworks";
				PRODUCT_BUNDLE_IDENTIFIER = com.vhall.com.ToolKit;
				PRODUCT_NAME = "$(TARGET_NAME)";
			};
			name = Debug;
		};
		3A7F017B1DAF5E6F003C94E2 /* Release */ = {
			isa = XCBuildConfiguration;
			buildSettings = {
				ASSETCATALOG_COMPILER_APPICON_NAME = AppIcon;
				DEVELOPMENT_TEAM = S82ZX9394G;
				INFOPLIST_FILE = ToolKit/Info.plist;
				LD_RUNPATH_SEARCH_PATHS = "$(inherited) @executable_path/Frameworks";
				PRODUCT_BUNDLE_IDENTIFIER = com.vhall.com.ToolKit;
				PRODUCT_NAME = "$(TARGET_NAME)";
			};
			name = Release;
		};
/* End XCBuildConfiguration section */

/* Begin XCConfigurationList section */
		3A7F015D1DAF5E6F003C94E2 /* Build configuration list for PBXProject "ToolKit" */ = {
			isa = XCConfigurationList;
			buildConfigurations = (
				3A7F01771DAF5E6F003C94E2 /* Debug */,
				3A7F01781DAF5E6F003C94E2 /* Release */,
			);
			defaultConfigurationIsVisible = 0;
			defaultConfigurationName = Release;
		};
		3A7F01791DAF5E6F003C94E2 /* Build configuration list for PBXNativeTarget "ToolKit" */ = {
			isa = XCConfigurationList;
			buildConfigurations = (
				3A7F017A1DAF5E6F003C94E2 /* Debug */,
				3A7F017B1DAF5E6F003C94E2 /* Release */,
			);
			defaultConfigurationIsVisible = 0;
		};
/* End XCConfigurationList section */
	};
	rootObject = 3A7F015A1DAF5E6F003C94E2 /* Project object */;
}
